{
    "_meta": {
        "hash": {
            "sha256": "ff802b955be1fe111f4b96c71368d696ac09c9cd7f5ee4cb7dfa3a06b210cbca"
        },
        "pipfile-spec": 6,
        "requires": {
            "python_version": "3.7"
        },
        "sources": [
            {
                "name": "pypi",
                "url": "https://pypi.org/simple",
                "verify_ssl": true
            }
        ]
    },
    "default": {
        "audioread": {
            "hashes": [
                "sha256:073904fabc842881e07bd3e4a5776623535562f70b1655b635d22886168dd168"
            ],
            "version": "==2.1.8"
        },
        "boto": {
            "hashes": [
                "sha256:147758d41ae7240dc989f0039f27da8ca0d53734be0eb869ef16e3adcfa462e8",
                "sha256:ea0d3b40a2d852767be77ca343b58a9e3a4b00d9db440efb8da74b4e58025e5a"
            ],
            "version": "==2.49.0"
        },
        "boto3": {
            "hashes": [
                "sha256:c2a223f4b48782e8b160b2130265e2a66081df111f630a5a384d6909e29a5aa9",
                "sha256:ce5a4ab6af9e993d1864209cbbb6f4812f65fbc57ad6b95e5967d8bf38b1dcfb"
            ],
            "version": "==1.14.16"
        },
        "botocore": {
            "hashes": [
                "sha256:99d995ef99cf77458a661f3fc64e0c3a4ce77ca30facfdf0472f44b2953dd856",
                "sha256:fe0c4f7cd6b67eff3b7cb8dff6709a65d6fca10b7b7449a493b2036915e98b4c"
            ],
            "version": "==1.17.16"
        },
        "certifi": {
            "hashes": [
                "sha256:5930595817496dd21bb8dc35dad090f1c2cd0adfaf21204bf6732ca5d8ee34d3",
                "sha256:8fc0819f1f30ba15bdb34cceffb9ef04d99f420f68eb75d901e9560b8749fc41"
            ],
            "version": "==2020.6.20"
        },
        "cffi": {
            "hashes": [
                "sha256:001bf3242a1bb04d985d63e138230802c6c8d4db3668fb545fb5005ddf5bb5ff",
                "sha256:00789914be39dffba161cfc5be31b55775de5ba2235fe49aa28c148236c4e06b",
                "sha256:028a579fc9aed3af38f4892bdcc7390508adabc30c6af4a6e4f611b0c680e6ac",
                "sha256:14491a910663bf9f13ddf2bc8f60562d6bc5315c1f09c704937ef17293fb85b0",
                "sha256:1cae98a7054b5c9391eb3249b86e0e99ab1e02bb0cc0575da191aedadbdf4384",
                "sha256:2089ed025da3919d2e75a4d963d008330c96751127dd6f73c8dc0c65041b4c26",
                "sha256:2d384f4a127a15ba701207f7639d94106693b6cd64173d6c8988e2c25f3ac2b6",
                "sha256:337d448e5a725bba2d8293c48d9353fc68d0e9e4088d62a9571def317797522b",
                "sha256:399aed636c7d3749bbed55bc907c3288cb43c65c4389964ad5ff849b6370603e",
                "sha256:3b911c2dbd4f423b4c4fcca138cadde747abdb20d196c4a48708b8a2d32b16dd",
                "sha256:3d311bcc4a41408cf5854f06ef2c5cab88f9fded37a3b95936c9879c1640d4c2",
                "sha256:62ae9af2d069ea2698bf536dcfe1e4eed9090211dbaafeeedf5cb6c41b352f66",
                "sha256:66e41db66b47d0d8672d8ed2708ba91b2f2524ece3dee48b5dfb36be8c2f21dc",
                "sha256:675686925a9fb403edba0114db74e741d8181683dcf216be697d208857e04ca8",
                "sha256:7e63cbcf2429a8dbfe48dcc2322d5f2220b77b2e17b7ba023d6166d84655da55",
                "sha256:8a6c688fefb4e1cd56feb6c511984a6c4f7ec7d2a1ff31a10254f3c817054ae4",
                "sha256:8c0ffc886aea5df6a1762d0019e9cb05f825d0eec1f520c51be9d198701daee5",
                "sha256:95cd16d3dee553f882540c1ffe331d085c9e629499ceadfbda4d4fde635f4b7d",
                "sha256:99f748a7e71ff382613b4e1acc0ac83bf7ad167fb3802e35e90d9763daba4d78",
                "sha256:b8c78301cefcf5fd914aad35d3c04c2b21ce8629b5e4f4e45ae6812e461910fa",
                "sha256:c420917b188a5582a56d8b93bdd8e0f6eca08c84ff623a4c16e809152cd35793",
                "sha256:c43866529f2f06fe0edc6246eb4faa34f03fe88b64a0a9a942561c8e22f4b71f",
                "sha256:cab50b8c2250b46fe738c77dbd25ce017d5e6fb35d3407606e7a4180656a5a6a",
                "sha256:cef128cb4d5e0b3493f058f10ce32365972c554572ff821e175dbc6f8ff6924f",
                "sha256:cf16e3cf6c0a5fdd9bc10c21687e19d29ad1fe863372b5543deaec1039581a30",
                "sha256:e56c744aa6ff427a607763346e4170629caf7e48ead6921745986db3692f987f",
                "sha256:e577934fc5f8779c554639376beeaa5657d54349096ef24abe8c74c5d9c117c3",
                "sha256:f2b0fa0c01d8a0c7483afd9f31d7ecf2d71760ca24499c8697aeb5ca37dc090c"
            ],
            "version": "==1.14.0"
        },
        "chardet": {
            "hashes": [
                "sha256:84ab92ed1c4d4f16916e05906b6b75a6c0fb5db821cc65e70cbd64a3e2a5eaae",
                "sha256:fc323ffcaeaed0e0a02bf4d117757b98aed530d9ed4531e3e15460124c106691"
            ],
            "version": "==3.0.4"
        },
        "click": {
            "hashes": [
                "sha256:d2b5255c7c6349bc1bd1e59e08cd12acbbd63ce649f2588755783aa94dfb6b1a",
                "sha256:dacca89f4bfadd5de3d7489b7c8a566eee0d3676333fbb50030263894c38c0dc"
            ],
            "version": "==7.1.2"
        },
        "cython": {
            "hashes": [
                "sha256:03f6bbb380ad0acb744fb06e42996ea217e9d00016ca0ff6f2e7d60f580d0360",
                "sha256:05e8cfd3a3a6087aec49a1ae08a89171db991956209406d1e5576f9db70ece52",
                "sha256:05eb79efc8029d487251c8a2702a909a8ba33c332e06d2f3980866541bd81253",
                "sha256:094d28a34c3fa992ae02aea1edbe6ff89b3cc5870b6ee38b5baeb805dc57b013",
                "sha256:0c70e842e52e2f50cc43bad43b5e5bc515f30821a374e544abb0e0746f2350ff",
                "sha256:1dcdaa319558eb924294a554dcf6c12383ec947acc7e779e8d3622409a7f7d28",
                "sha256:1fc5bdda28f25fec44e4721677458aa509d743cd350862270309d61aa148d6ff",
                "sha256:280573a01d9348d44a42d6a9c651d9f7eb1fe9217df72555b2a118f902996a10",
                "sha256:298ceca7b0f0da4205fcb0b7c9ac9e120e2dafffd5019ba1618e84ef89434b5a",
                "sha256:4074a8bff0040035673cc6dd365a762476d6bff4d03d8ce6904e3e53f9a25dc8",
                "sha256:41e7068e95fbf9ec94b41437f989caf9674135e770a39cdb9c00de459bafd1bc",
                "sha256:47e5e1502d52ef03387cf9d3b3241007961a84a466e58a3b74028e1dd4957f8c",
                "sha256:521340844cf388d109ceb61397f3fd5250ccb622a1a8e93559e8de76c80940a9",
                "sha256:6c53338c1811f8c6d7f8cb7abd874810b15045e719e8207f957035c9177b4213",
                "sha256:75c2dda47dcc3c77449712b1417bb6b89ec3b7b02e18c64262494dceffdf455e",
                "sha256:773c5a98e463b52f7e8197254b39b703a5ea1972aef3a94b3b921515d77dd041",
                "sha256:78c3068dcba300d473fef57cdf523e34b37de522f5a494ef9ee1ac9b4b8bbe3f",
                "sha256:7bc18fc5a170f2c1cef5387a3d997c28942918bbee0f700e73fd2178ee8d474d",
                "sha256:7f89eff20e4a7a64b55210dac17aea711ed8a3f2e78f2ff784c0e984302583dd",
                "sha256:89458b49976b1dee5d89ab4ac943da3717b4292bf624367e862e4ee172fcce99",
                "sha256:986f871c0fa649b293061236b93782d25c293a8dd8117c7ba05f8a61bdc261ae",
                "sha256:a0f495a4fe5278aab278feee35e6102efecde5176a8a74dd28c28e3fc5c8d7c7",
                "sha256:a14aa436586c41633339415de82a41164691d02d3e661038da533be5d40794a5",
                "sha256:b8ab3ab38afc47d8f4fe629b836243544351cef681b6bdb1dc869028d6fdcbfb",
                "sha256:bb487881608ebd293592553c618f0c83316f4f13a64cb18605b1d2fb9fd3da3e",
                "sha256:c0b24bfe3431b3cb7ced323bca813dbd13aca973a1475b512d3331fd0de8ec60",
                "sha256:c7894c06205166d360ab2915ae306d1f7403e9ce3d3aaeff4095eaf98e42ce66",
                "sha256:d4039bb7f234ad32267c55e72fd49fb56078ea102f9d9d8559f6ec34d4887630",
                "sha256:e4d6bb8703d0319eb04b7319b12ea41580df44fd84d83ccda13ea463c6801414",
                "sha256:e8fab9911fd2fa8e5af407057cb8bdf87762f983cba483fa3234be20a9a0af77",
                "sha256:f3818e578e687cdb21dc4aa4a3bc6278c656c9c393e9eda14dd04943f478863d",
                "sha256:fe666645493d72712c46e4fbe8bec094b06aec3c337400479e9704439c9d9586"
            ],
            "version": "==0.29.14"
        },
        "decorator": {
            "hashes": [
                "sha256:41fa54c2a0cc4ba648be4fd43cff00aedf5b9465c9bf18d64325bc225f08f760",
                "sha256:e3a62f0520172440ca0dcc823749319382e377f37f140a0b99ef45fecb84bfe7"
            ],
            "version": "==4.4.2"
        },
        "docutils": {
            "hashes": [
                "sha256:6c4f696463b79f1fb8ba0c594b63840ebd41f059e92b31957c46b74a4599b6d0",
                "sha256:9e4d7ecfc600058e07ba661411a2b7de2fd0fafa17d1a7f7361cd47b1175c827",
                "sha256:a2aeea129088da402665e92e0b25b04b073c04b2dce4ab65caaa38b7ce2e1a99"
            ],
            "version": "==0.15.2"
        },
        "gensim": {
            "hashes": [
                "sha256:05bfc02e102a34c9c795095b688b1b4aaa2529c624821368c9c3ea6a16536f77",
                "sha256:1e3d66c2eec494376fc599701d9c2868549aed6e93e47177e39217f0188e2d88",
                "sha256:22f45fd239cacd0e3715ac447a2c8a5eea02e730ec1f701c55b359e9298e63a8",
                "sha256:3af62709369331c85552fd26caa21504baa64accc426dc094172f5c688750013",
                "sha256:41dcf6ecdc9acc657157967c791b8cbaba90ee6391f64efd28339b72f5e0c327",
                "sha256:440700e29b494bc2e1d52e14b69a821f46ab09ecf85cf36c8988f18e1d6c7a8b",
                "sha256:4e34cf2e50f3eab3e303da46089ea4972567bf216e28f7535ada155770784ac8",
                "sha256:61eed1d6b5fbe6dda0586ea447ebc2dc7890a7f70c2ed953d5abc3fe3cfb94bb",
                "sha256:637fc5969f3cef4b7c8fd3e78e31ef09565c5566d5ceabf076b4170eb6444a80",
                "sha256:6711b6d3a0007530ee7de7adc30a4c48a1d26ec6312ac50e1d1e0a1d54f9de5b",
                "sha256:685a7657278161628821c8f873c5d7d2ffc0c28866648e39f76b450e4c7d5390",
                "sha256:7629b33cf35f672efdd5269381f7e301958ee2638f27dfc63b80c5bfeaa827d3",
                "sha256:786adb0571f75114e9c5f7a31dd2e6eb39a9791f22c8757621545e2ded3ea367",
                "sha256:7a90549dfc8ee3822fcad6da957de07d927e4e90ef42b3699543dee35ab2da13",
                "sha256:8ff471921b3b10ffb3ae6cbb598dd9c07d9dc030dee5aa167e7682b549c42f87",
                "sha256:90115d12ee545c21cc75521ef1bb3dd66aae8a378e9c2eb029c9f22df173c125",
                "sha256:91fa62d61b21f1878f140b10520f9de4a26a52672fbe407edfc7e09ca2eff235",
                "sha256:9c214b341f5304b906c79844e2787c13b46505df9dc70afca79a9a7dc0894478",
                "sha256:a47903d104469a7a8b6f22ad5ef74681b19c4f4b71ff2c2893271b53161a43e4",
                "sha256:a61179df454a0d4b06a111c4ede0536f61c8121b4c0d0d02d23560a2fd4b3aff",
                "sha256:a8807ebf324dd11e1298a91a92d6e57c7bdabb91d0d5240bf1efa0c0eacd86f0",
                "sha256:b36e6330471061cfd78aad751e24c6b4f56d575697af0fbab42655128927d296",
                "sha256:b61a7c841a752c84b685674aa0d610289faad38795b325176481abe19b487e98",
                "sha256:cc387d0d8bddbf3609ab95b3453296e4c9ff92c35e9799a17d86b1571d77a5fc",
                "sha256:d79370f78e9013b9d1e867c85ecc678d46a7ae0f01a8ca29e8f4291e5373b170",
                "sha256:ef2ddeceff482aee17c1e185f63bf027c8de8f595fdd9fd2d2503de96008f3b7",
                "sha256:f8ea67bf8c47ee55cb1b32c97fa1474b7d6d22959dd8097c019a5d9c9df34f5f",
                "sha256:fe98277a7b3b4987b40c928056bbaae1d0715022cf27bba89d05cd0d4fe51a84"
            ],
            "index": "pypi",
            "version": "==3.8.3"
        },
        "idna": {
            "hashes": [
                "sha256:b307872f855b18632ce0c21c5e45be78c0ea7ae4c15c828c20788b26921eb3f6",
                "sha256:b97d804b1e9b523befed77c48dacec60e6dcb0b5391d57af6a65a312a90648c0"
            ],
            "version": "==2.10"
        },
        "jmespath": {
            "hashes": [
                "sha256:b85d0567b8666149a93172712e68920734333c0ce7e89b78b3e987f71e5ed4f9",
                "sha256:cdf6525904cc597730141d61b36f2e4b8ecc257c420fa2f4549bac2c2d0cb72f"
            ],
            "version": "==0.10.0"
        },
        "joblib": {
            "hashes": [
                "sha256:8f52bf24c64b608bf0b2563e0e47d6fcf516abc8cfafe10cfd98ad66d94f92d6",
                "sha256:d348c5d4ae31496b2aa060d6d9b787864dd204f9480baaa52d18850cb43e9f49"
            ],
            "version": "==0.16.0"
        },
        "language-check": {
            "hashes": [
                "sha256:9b140fa9f0be4903ffc91e2342e77ef35596de837ebde25ac6dc066f54417fab"
            ],
            "index": "pypi",
            "version": "==1.1"
        },
        "librosa": {
            "hashes": [
                "sha256:656bbda80e98e6330db1ead79cd084b13a762284834d7603fcf7cf7c0dc65f3c"
            ],
            "index": "pypi",
            "version": "==0.7.2"
        },
        "llvmlite": {
            "hashes": [
                "sha256:00fdf20d2f4972a00bcfaa9ce62ee55208ae5df38906a198650ddf91ba6a5fba",
                "sha256:1a917b1b27895d0707078028ae842b3184e617ac04014965b197212e00d8e057",
                "sha256:22ab2b9d7ec79fab66ac8b3d2133347de86addc2e2df1b3793e523ac84baa3c8",
                "sha256:312cca3af9f539a81432cd47f06a621d895c21e8cb1db2f9cfb22acd7fb69fa5",
                "sha256:3601a869da83e5fb1abbe55ecfcecb957f9d899179a4ef66fc4b3b82b461fc5a",
                "sha256:363738f3eb3c6bed65cac38f295ff81a19a74e5aeab3d02e4e3b820279d8e36a",
                "sha256:4e8154d1496a58157652fad1b13d817f73db80eb85b5915d49a9573a26655e38",
                "sha256:5593acefd5f01765ee403ea4b0288a59aff2276eb8f5241deb2e52018219a66a",
                "sha256:5a771ae6398c24117797e9fa0fa70def5334eeab918beaafd40718e80e5f936a",
                "sha256:5bcbb90807a42cd7f47d32e25e270a6886f89ae6783059ee3e1e4aa13d13f2a0",
                "sha256:5c676a549f44e559d7406824de83f659995b13b80c18aca4760981c9049a1a2d",
                "sha256:607fb3738cdc803ffcc69ef3732595f7c66c203c5a7eea35b26f89822fb2baaa",
                "sha256:6699b0e6637f4f8624c2dd069b7b427da582f7ca3900f080bfebb5ff556272bd",
                "sha256:6e4129f2d33a76c1415d2808bae58a15d5480b1cc09fd3e80fc8d0e25bf6c27e",
                "sha256:7e8baa6d5b4383ca7b0abe0e8968b16d4e6b1c0691cbcef18eab298e9c840b5e",
                "sha256:7f4bffdf6cb4f5bab4060ea57cdc11344d9b406227efb8ae1c5e4823e8d146d1",
                "sha256:8189c8ad167ef8a65f4bbf9cbff19efbec7f0392996eec18f5e6b274462111b7",
                "sha256:81fc9ac6682a41f53bca113a8f97959b92728112f91714e850a72dc6d9dd8ced",
                "sha256:947b81539aa751ff627626172a3bdb0ba0a92bfd1de1847f4c1ad7928ea2ea70",
                "sha256:94c5c625088a9ddc0fcd2953f1e7cd94038e3c90b24522a5ba10559b2dd7f563",
                "sha256:c842b722a38370ef5836e16cf73981da8f2f3765cead55b2d51fc87c65840f70",
                "sha256:c999bbf838b7b29b81e070517ec2dad7f408428e4651f779028e0a35ed6f2dea",
                "sha256:d2a4e62b9f703bb669bb78ca45202dfedf6a1df000866d3ed694f29a85a73f4f",
                "sha256:d45b733f5ac76838a20c56d19d6a3032b856c2cedf7a65ce2a4e8a45f4062f93",
                "sha256:ebc86e3bb85fd2ad7f88ce80507350814719195d7555a802cd628713d3c08883",
                "sha256:fdba22341cefbdd7b8d57cc23256b5d5ab16faa64d744d66ecae6a0af86b1f9b"
            ],
            "version": "==0.31.0"
        },
        "nltk": {
            "hashes": [
                "sha256:845365449cd8c5f9731f7cb9f8bd6fd0767553b9d53af9eb1b3abf7700936b35"
            ],
            "index": "pypi",
            "version": "==3.5"
        },
        "numba": {
            "hashes": [
                "sha256:076316df9d28a9998d2528baf39275d8a2dc781dd7d2c5e163aa3cb59ecac8da",
                "sha256:139ef37fe367d67daf82d131962b33c6b0a6bf53f8af5689bed233e5a7395438",
                "sha256:2fcce007f90bba1d47ecc7511732a9fd38823f5499f7dd0f1debab764677ec5e",
                "sha256:3936ff4234cda9d17b921f7604f09045fefbe94b0f14c7a0d2c43aa9329b05a6",
                "sha256:43663ed9ffc67adb1977d1ada188c636389d3c1d2812687f5480f468019b5a6c",
                "sha256:43a432f66b74d9c01090aef86ffd4bec1ee1b987cafeab478f77123985885cd5",
                "sha256:467564f72a30abaf55d55b30998818b34c10fd85cbcfa505a1c67cbd09d79a96",
                "sha256:489f010fab602d1f978a33e5449ce44b782d7a2a860fb3c23711abb2631920b0",
                "sha256:5128e59c62e7b6cd6ed31d2e091d2a3df703e8411ae13db88d1ca00c4ec67a79",
                "sha256:552f96244d484c985fedc6710a176e98b08f1d9578560df72bbe936e02b3d16f",
                "sha256:5aad5e53e86319de37662991faca1cf1df9adfa655c05a2638951df1955b4096",
                "sha256:6fa587d4a6c6e2c27dea3e5f25a9505e709d933594fba1ab4677d2b798d9ed0a",
                "sha256:845d61e309a660c7b84d9cf68b1d8285d93ba7153e9a8f297f0bc9e25a3c9cb8",
                "sha256:86bee1f1b1096f948c661fedfecd7063aad1d0a5c6ac37f7a6c411fd2b1de1a9",
                "sha256:8c25667d9f6a962bf71170041fd30f548cb56eb05f258f979ef30dfb26d25ce6",
                "sha256:8db2bb6eb08fd1a5d3c039ccde32e7b943b26ccd4b6d78fbd61998dab48d6d34",
                "sha256:98d38454f6c0de2f3c4052732f34020aea6b518cb9fcfc07fbb5fe4093f69ea3",
                "sha256:9d21bc77e67006b5723052840c88cc59248e079a907cc68f1a1a264e1eaba017",
                "sha256:a82ff049f13d0372ccf5985af0eaa10efc0be8299cf9bed495f87405769db600",
                "sha256:bceef6378647f78e316b8421f09a2bac36961affd66aa61d48160d68992172d1",
                "sha256:cdd393ec83f86f0a830d27536707c47808e4b8ac7913c6589cb18b4275d8cc9c",
                "sha256:daa8deefad91c4ca6f7b8a4ca1d434b0964bc171c6e06554ce7b16a0f6ddaf8b",
                "sha256:e13b0228306980d4e26bd481981959974703ae314c0da89b0a960531b3f7e92d",
                "sha256:e49e4156240297f2bacf750d3fef24b51fc85d89fc18ec3656183629944277be",
                "sha256:ef945c290e528da513ba2a81e4a34ebbfef4657aaa442a64fcbc7330d031d66a",
                "sha256:f6332fee58f3b04ea168bea1a53c2d26817ba7be88ce3d8be032ed428a44b9df"
            ],
            "index": "pypi",
            "version": "==0.48.0"
        },
        "numpy": {
            "hashes": [
                "sha256:13af0184177469192d80db9bd02619f6fa8b922f9f327e077d6f2a6acb1ce1c0",
                "sha256:26a45798ca2a4e168d00de75d4a524abf5907949231512f372b217ede3429e98",
                "sha256:26f509450db547e4dfa3ec739419b31edad646d21fb8d0ed0734188b35ff6b27",
                "sha256:30a59fb41bb6b8c465ab50d60a1b298d1cd7b85274e71f38af5a75d6c475d2d2",
                "sha256:33c623ef9ca5e19e05991f127c1be5aeb1ab5cdf30cb1c5cf3960752e58b599b",
                "sha256:356f96c9fbec59974a592452ab6a036cd6f180822a60b529a975c9467fcd5f23",
                "sha256:3c40c827d36c6d1c3cf413694d7dc843d50997ebffbc7c87d888a203ed6403a7",
                "sha256:4d054f013a1983551254e2379385e359884e5af105e3efe00418977d02f634a7",
                "sha256:63d971bb211ad3ca37b2adecdd5365f40f3b741a455beecba70fd0dde8b2a4cb",
                "sha256:658624a11f6e1c252b2cd170d94bf28c8f9410acab9f2fd4369e11e1cd4e1aaf",
                "sha256:76766cc80d6128750075378d3bb7812cf146415bd29b588616f72c943c00d598",
                "sha256:7b57f26e5e6ee2f14f960db46bd58ffdca25ca06dd997729b1b179fddd35f5a3",
                "sha256:7b852817800eb02e109ae4a9cef2beda8dd50d98b76b6cfb7b5c0099d27b52d4",
                "sha256:8cde829f14bd38f6da7b2954be0f2837043e8b8d7a9110ec5e318ae6bf706610",
                "sha256:a2e3a39f43f0ce95204beb8fe0831199542ccab1e0c6e486a0b4947256215632",
                "sha256:a86c962e211f37edd61d6e11bb4df7eddc4a519a38a856e20a6498c319efa6b0",
                "sha256:a8705c5073fe3fcc297fb8e0b31aa794e05af6a329e81b7ca4ffecab7f2b95ef",
                "sha256:b6aaeadf1e4866ca0fdf7bb4eed25e521ae21a7947c59f78154b24fc7abbe1dd",
                "sha256:be62aeff8f2f054eff7725f502f6228298891fd648dc2630e03e44bf63e8cee0",
                "sha256:c2edbb783c841e36ca0fa159f0ae97a88ce8137fb3a6cd82eae77349ba4b607b",
                "sha256:cbe326f6d364375a8e5a8ccb7e9cd73f4b2f6dc3b2ed205633a0db8243e2a96a",
                "sha256:d34fbb98ad0d6b563b95de852a284074514331e6b9da0a9fc894fb1cdae7a79e",
                "sha256:d97a86937cf9970453c3b62abb55a6475f173347b4cde7f8dcdb48c8e1b9952d",
                "sha256:dd53d7c4a69e766e4900f29db5872f5824a06827d594427cf1a4aa542818b796",
                "sha256:df1889701e2dfd8ba4dc9b1a010f0a60950077fb5242bb92c8b5c7f1a6f2668a",
                "sha256:fa1fe75b4a9e18b66ae7f0b122543c42debcf800aaafa0212aaff3ad273c2596"
            ],
            "version": "==1.19.0"
        },
        "pandas": {
            "hashes": [
                "sha256:02f1e8f71cd994ed7fcb9a35b6ddddeb4314822a0e09a9c5b2d278f8cb5d4096",
                "sha256:13f75fb18486759da3ff40f5345d9dd20e7d78f2a39c5884d013456cec9876f0",
                "sha256:35b670b0abcfed7cad76f2834041dcf7ae47fd9b22b63622d67cdc933d79f453",
                "sha256:4c73f373b0800eb3062ffd13d4a7a2a6d522792fa6eb204d67a4fad0a40f03dc",
                "sha256:5759edf0b686b6f25a5d4a447ea588983a33afc8a0081a0954184a4a87fd0dd7",
                "sha256:5a7cf6044467c1356b2b49ef69e50bf4d231e773c3ca0558807cdba56b76820b",
                "sha256:69c5d920a0b2a9838e677f78f4dde506b95ea8e4d30da25859db6469ded84fa8",
                "sha256:8778a5cc5a8437a561e3276b85367412e10ae9fff07db1eed986e427d9a674f8",
                "sha256:9871ef5ee17f388f1cb35f76dc6106d40cb8165c562d573470672f4cdefa59ef",
                "sha256:9c31d52f1a7dd2bb4681d9f62646c7aa554f19e8e9addc17e8b1b20011d7522d",
                "sha256:ab8173a8efe5418bbe50e43f321994ac6673afc5c7c4839014cf6401bbdd0705",
                "sha256:ae961f1f0e270f1e4e2273f6a539b2ea33248e0e3a11ffb479d757918a5e03a9",
                "sha256:b3c4f93fcb6e97d993bf87cdd917883b7dab7d20c627699f360a8fb49e9e0b91",
                "sha256:c9410ce8a3dee77653bc0684cfa1535a7f9c291663bd7ad79e39f5ab58f67ab3",
                "sha256:f69e0f7b7c09f1f612b1f8f59e2df72faa8a6b41c5a436dde5b615aaf948f107",
                "sha256:faa42a78d1350b02a7d2f0dbe3c80791cf785663d6997891549d0f86dc49125e"
            ],
            "index": "pypi",
            "version": "==1.0.5"
        },
        "praat-parselmouth": {
            "hashes": [
                "sha256:042a19c668449294461df1bde97f447dcfc06b18f94a1c792d4e4573c1cc71a7",
                "sha256:044a23929281c58d231487af4a85387da269b2a65318e7b98f242cf236994a8c",
                "sha256:06147a0439c2da8b6cb05661895b91eaced71da3d05062593ef69928e4d1baad",
                "sha256:0bb5cb075d1c5f248dc5bc323da77b25e5e31d4319b75c9db80c958ea63cf99e",
                "sha256:1ed160d4532a1d4fff7f1b7daa799e6465ca85b18608f4d540c3fc652e50ca5c",
                "sha256:24c17580b74d14587ec7ae14d8c435d8126d9498fc797204fdf394db569f12de",
                "sha256:29240bb5e78863acb2cda1ceb8c69b4cc623b2d4a09a34ed7454f8f8a9c0dccc",
                "sha256:2da7ee04fca911532642423afc6066a628f0c5f796e698946bc904e58ccc9598",
                "sha256:4037eff93700ca5b02b7a478a426464d7676080478a1e099b11329a33e0f6e41",
                "sha256:45796a4c078042e25c0274e3a3257914931c017ed111e16a506ce073cf268b4e",
                "sha256:58322d75a9488075d433e1a5b0c099636bec8a0aec6135f7533068b8de2b9002",
                "sha256:5eb2f94b0121a774d921896b1023af81decb8d8658c992181efad040953dbdfa",
                "sha256:5ec1153a9cbb5b78f55bbedf549b080dd389ec102846fa5f0be219d0d12a1d7f",
                "sha256:642e8cced5c248a2156c2ca6af4ff399a612985a54bae6ccae52c05874c24ba3",
                "sha256:6f8a788463325dde4f16c42d93ea8755fe37e5daab388e919efb71df77534dbc",
                "sha256:74c389404f907254ca1b172d8019ffbdc4b29a585595d872d176e4d9ef622e55",
                "sha256:7a4ce3f2c5ae5bfc515d0cc5b20511f05ee5f18ffa1213240dd65c92c84ec6ba",
                "sha256:87538d7d25dacaab2d0a469a017708cef065d42f59a15fa26c7b79823ccf8a72",
                "sha256:88b73a65b503db4caaf5454b464a8f6422f03e764661fdfcf7fb7deb73af8c3a",
                "sha256:ade08f81b8af163503ec1aa53f3a4f2dc16e534247fcb7792c8c4a3fac50c5b7",
                "sha256:c0e82540e00ef5208961d7c424a0aee65cabadef6e13f74fb78dea12cf2c888a",
                "sha256:c1adadb8506df33fc7547ed9b022572accb91792dbed4fbd5418062d1b95cc78",
                "sha256:c69a89d1eccfd9e17bfb47675c8781ec55fcdde329c2d786ee2e63b9958026f3",
                "sha256:c6c84a4e9d65fa4ae6a902c9181480e4baf20af025a859d97d6b9c593f019fa5",
                "sha256:c6e60b45e00b93ca59c88fde92ac1858892bfac66ddbb9719ff4d7f05ccba4f9",
                "sha256:c9615c7faad7af0378933b7afc758c5a4694a26706cb8aa6c90e12a8dd1839bf",
                "sha256:cadbaea90aeda4276e89d537fd9defe8fe4aeff4c9809f6b15bd42a624855722",
                "sha256:d1ce8f4256a2a6aed2178279cc13ef1169cce679e5d08407300d89a93b9dfa2b",
                "sha256:d23129fa12c79928c13e0ffe30b4509e302aef0afde8c0c80e9f7830ffb682aa",
                "sha256:d56146498d244fea23b2d3f8f2f7063c3d6655bf1dadba52878e45d9fff57acb",
                "sha256:d9a113435be8c81e8acad31b195a0916b065b6a6486fbc1db6519e2237fe999e",
                "sha256:ef3b1111bf52c3ae3f1dfb453c772d4fd43928097997238af383a1def309394a",
                "sha256:f778cf7949f1df48c301c8792bc69589e7dad86ccf06eeda024820f69dfc6c4b"
            ],
            "index": "pypi",
            "version": "==0.3.3"
        },
        "pycparser": {
            "hashes": [
                "sha256:2d475327684562c3a96cc71adf7dc8c4f0565175cf86b6d7a404ff4c771f15f0",
                "sha256:7582ad22678f0fcd81102833f60ef8d0e57288b6b5fb00323d101be910e35705"
            ],
            "version": "==2.20"
        },
        "pydub": {
            "hashes": [
                "sha256:25fdfbbfd4c69363006a27c7bd2346c4b886a0dd3da264c14d858b71a9593284",
                "sha256:630c68bfff9bb27cbc5e1f02923f717c3bc5f4d73fd685fda08b6ce90f76dc69"
            ],
            "index": "pypi",
            "version": "==0.24.1"
        },
        "python-dateutil": {
            "hashes": [
                "sha256:73ebfe9dbf22e832286dafa60473e4cd239f8592f699aa5adaf10050e6e1823c",
                "sha256:75bb3f31ea686f1197762692a9ee6a7550b59fc6ca3a1f4b5d7e32fb98e2da2a"
            ],
            "version": "==2.8.1"
        },
        "pytz": {
            "hashes": [
                "sha256:a494d53b6d39c3c6e44c3bec237336e14305e4f29bbf800b599253057fbb79ed",
                "sha256:c35965d010ce31b23eeb663ed3cc8c906275d6be1a34393a1d73a41febf4a048"
            ],
            "version": "==2020.1"
        },
        "regex": {
            "hashes": [
                "sha256:08997a37b221a3e27d68ffb601e45abfb0093d39ee770e4257bd2f5115e8cb0a",
                "sha256:112e34adf95e45158c597feea65d06a8124898bdeac975c9087fe71b572bd938",
                "sha256:1700419d8a18c26ff396b3b06ace315b5f2a6e780dad387e4c48717a12a22c29",
                "sha256:2f6f211633ee8d3f7706953e9d3edc7ce63a1d6aad0be5dcee1ece127eea13ae",
                "sha256:52e1b4bef02f4040b2fd547357a170fc1146e60ab310cdbdd098db86e929b387",
                "sha256:55b4c25cbb3b29f8d5e63aeed27b49fa0f8476b0d4e1b3171d85db891938cc3a",
                "sha256:5aaa5928b039ae440d775acea11d01e42ff26e1561c0ffcd3d805750973c6baf",
                "sha256:654cb773b2792e50151f0e22be0f2b6e1c3a04c5328ff1d9d59c0398d37ef610",
                "sha256:690f858d9a94d903cf5cada62ce069b5d93b313d7d05456dbcd99420856562d9",
                "sha256:6ad8663c17db4c5ef438141f99e291c4d4edfeaacc0ce28b5bba2b0bf273d9b5",
                "sha256:89cda1a5d3e33ec9e231ece7307afc101b5217523d55ef4dc7fb2abd6de71ba3",
                "sha256:92d8a043a4241a710c1cf7593f5577fbb832cf6c3a00ff3fc1ff2052aff5dd89",
                "sha256:95fa7726d073c87141f7bbfb04c284901f8328e2d430eeb71b8ffdd5742a5ded",
                "sha256:97712e0d0af05febd8ab63d2ef0ab2d0cd9deddf4476f7aa153f76feef4b2754",
                "sha256:b2ba0f78b3ef375114856cbdaa30559914d081c416b431f2437f83ce4f8b7f2f",
                "sha256:bae83f2a56ab30d5353b47f9b2a33e4aac4de9401fb582b55c42b132a8ac3868",
                "sha256:c78e66a922de1c95a208e4ec02e2e5cf0bb83a36ceececc10a72841e53fbf2bd",
                "sha256:cf59bbf282b627130f5ba68b7fa3abdb96372b24b66bdf72a4920e8153fc7910",
                "sha256:e3cdc9423808f7e1bb9c2e0bdb1c9dc37b0607b30d646ff6faf0d4e41ee8fee3",
                "sha256:e9b64e609d37438f7d6e68c2546d2cb8062f3adb27e6336bc129b51be20773ac",
                "sha256:fbff901c54c22425a5b809b914a3bfaf4b9570eee0e5ce8186ac71eb2025191c"
            ],
            "version": "==2020.6.8"
        },
        "requests": {
            "hashes": [
                "sha256:b3559a131db72c33ee969480840fff4bb6dd111de7dd27c8ee1f820f4f00231b",
                "sha256:fe75cc94a9443b9246fc7049224f75604b113c36acb93f87b80ed42c44cbb898"
            ],
            "version": "==2.24.0"
        },
        "resampy": {
            "hashes": [
                "sha256:62af020d8a6674d8117f62320ce9470437bb1d738a5d06cd55591b69b463929e"
            ],
            "version": "==0.2.2"
        },
        "s3transfer": {
            "hashes": [
                "sha256:2482b4259524933a022d59da830f51bd746db62f047d6eb213f2f8855dcb8a13",
                "sha256:921a37e2aefc64145e7b73d50c71bb4f26f46e4c9f414dc648c6245ff92cf7db"
            ],
            "version": "==0.3.3"
        },
        "scikit-learn": {
            "hashes": [
                "sha256:04799686060ecbf8992f26a35be1d99e981894c8c7860c1365cda4200f954a16",
                "sha256:058d213092de4384710137af1300ed0ff030b8c40459a6c6f73c31ccd274cc39",
                "sha256:0c3464e46ef8bd4f1bfa5c009648c6449412c8f7e9b3fc0c9e3d800139c48827",
                "sha256:0e7b55f73b35537ecd0d19df29dd39aa9e076dba78f3507b8136c819d84611fd",
                "sha256:16feae4361be6b299d4d08df5a30956b4bfc8eadf173fe9258f6d59630f851d4",
                "sha256:244ca85d6eba17a1e6e8a66ab2f584be6a7784b5f59297e3d7ff8c7983af627c",
                "sha256:3e6e92b495eee193a8fa12a230c9b7976ea0fc1263719338e35c986ea1e42cff",
                "sha256:5bcea4d6ee431c814261117281363208408aa4e665633655895feb059021aca6",
                "sha256:93f56abd316d131645559ec0ab4f45e3391c2ccdd4eadaa4912f4c1e0a6f2c96",
                "sha256:9e04c0811ea92931ee8490d638171b8cb2f21387efcfff526bbc8c2a3da60f1c",
                "sha256:bded94236e16774385202cafd26190ce96db18e4dc21e99473848c61e4fdc400",
                "sha256:c2fa33d20408b513cf432505c80e6eb4bf4d71434f1ae36680765d4a2c2a16ec",
                "sha256:e3fec1c8831f8f93ad85581ca29ca1bb88e2da377fb097cf8322aa89c21bc9b8",
                "sha256:e585682e37f2faa81ad6cd4472fff646bf2fd0542147bec93697a905db8e6bd2",
                "sha256:e9879ba9e64ec3add41bf201e06034162f853652ef4849b361d73b0deb3153ad",
                "sha256:ebe853e6f318f9d8b3b74dd17e553720d35646eff675a69eeaed12fbbbb07daa"
            ],
            "version": "==0.23.1"
        },
        "scipy": {
            "hashes": [
                "sha256:039572f0ca9578a466683558c5bf1e65d442860ec6e13307d528749cfe6d07b8",
                "sha256:058e84930407927f71963a4ad8c1dc96c4d2d075636a68578195648c81f78810",
                "sha256:06b19a650471781056c1a2172eeeeb777b8b516e9434005dd392a4559e0938b9",
                "sha256:35d042d6499caf1a5d171baed0ebf01eb665b7af2ad98a8ff1b0e6e783654540",
                "sha256:57a0f2be3063dbe1e3daf31ec9005576e8fd1022a28159d0db71d14566899d16",
                "sha256:5e0bb43ff581811ab7f27425f6b96c1ddf7591ccad2e486c9af0b910c18f7185",
                "sha256:71742889393a724dfce755b6b61228677873d269a4234e51ddaf08b998433c91",
                "sha256:7908c85854c5b5b6d3ce7fefafac1ca3e23ff9ac41edabc2d46ae5dc9fa070ac",
                "sha256:81859ed3aad620752dd2c07c32b5d3a80a0d47c5e3813904621954a78a0ae899",
                "sha256:8302d69fb1528ea7c7f2a1ea640d354c981b6eb8192d1c175349874209397604",
                "sha256:9323d268775991b79690f7b9a28a4e8b8c4f2b160ed9f8a90123127314e2d3c1",
                "sha256:b4858ccbd88f4b53950fb9fc0069c1d9fea83d7cff2382e1d8b023d3f4883014",
                "sha256:c05c6fe76228cc13c5214e9faf5f2a871a1da54473bc417ab9da310d0e5fff8b",
                "sha256:c06e731aa46c0dfc563cc636155758178ebc019ef78b9b0f4370effe2ac0f0e6",
                "sha256:eb46d8b5947ca27b0bc972cecfba8130f088a83ab3d08c1a6033d9070b3046b3",
                "sha256:fff15df01bef1243468be60c55178ed7576270b200aab08a7ffd5b8e0bbc340c"
            ],
            "index": "pypi",
            "version": "==1.5.1"
        },
        "six": {
            "hashes": [
                "sha256:30639c035cdb23534cd4aa2dd52c3bf48f06e5f4a941509c8bafd8ce11080259",
                "sha256:8b74bedcbbbaca38ff6d7491d76f2b06b3592611af620f8426e82dddb04a5ced"
            ],
            "version": "==1.15.0"
        },
        "sklearn": {
            "hashes": [
                "sha256:e23001573aa194b834122d2b9562459bf5ae494a2d59ca6b8aa22c85a44c0e31"
            ],
            "index": "pypi",
            "version": "==0.0"
        },
        "smart-open": {
            "hashes": [
                "sha256:c8792d2e77f33b349fbaa62eb28ddc519e6b7e5d36407e9bdc00bececeaa776d"
            ],
            "version": "==2.1.0"
        },
        "sounddevice": {
            "hashes": [
                "sha256:028f6e5df83027f4bfba5d6d61e6d46eb8689f9e647825e09f539920dee17d2c",
                "sha256:8b63960361bda8b7528454c7fe07339414220e1f6c7a2778d8067562cad374d0",
                "sha256:954d5fd638723573e454061cc9238cee09a59ea7e673ebf4ea6b21d02d8b5e73",
                "sha256:9de2a9e8ec35db228f0b157cc22de284bb7375944ea322fa3c0e1f4eee861931",
                "sha256:a8dccae86d05ca6c72362698e9e94e808bccae9075f83f2e4c572e9137282d3c"
            ],
            "index": "pypi",
            "version": "==0.3.15"
        },
        "soundfile": {
            "hashes": [
                "sha256:2d17e0a6fc2af0d6c1d868bafa5ec80aae6e186a97fec8db07ad6af29842fbc7",
                "sha256:4555438c2c4f02b39fea2ed40f6ddeda88a80cd1ee9dd129be4d5f5134698cc2",
                "sha256:490cff42650733d1832728b937fe99fa1802896f5ef4d61bcf78cf7ebecb107b",
                "sha256:5e342ee293b896d31da67617fe65d0bdca217af193991b0cb6052353b1e0e506",
                "sha256:b361d4ac1519a2e516cabafa6bf7e93492f999f35d7d25350cd87fdc3e5cb27e"
            ],
            "index": "pypi",
            "version": "==0.10.3.post1"
        },
        "speechrecognition": {
            "hashes": [
                "sha256:4d8f73a0c05ec70331c3bacaa89ecc06dfa8d9aba0899276664cda06ab597e8e"
            ],
            "index": "pypi",
            "version": "==3.8.1"
        },
        "threadpoolctl": {
            "hashes": [
                "sha256:38b74ca20ff3bb42caca8b00055111d74159ee95c4370882bbff2b93d24da725",
                "sha256:ddc57c96a38beb63db45d6c159b5ab07b6bced12c45a1f07b2b92f272aebfa6b"
            ],
            "version": "==2.1.0"
        },
        "tqdm": {
            "hashes": [
                "sha256:63ef7a6d3eb39f80d6b36e4867566b3d8e5f1fe3d6cb50c5e9ede2b3198ba7b7",
                "sha256:7810e627bcf9d983a99d9ff8a0c09674400fd2927eddabeadf153c14a2ec8656"
            ],
            "version": "==4.47.0"
        },
        "urllib3": {
            "hashes": [
                "sha256:3018294ebefce6572a474f0604c2021e33b3fd8006ecd11d62107a5d2a963527",
                "sha256:88206b0eb87e6d677d424843ac5209e3fb9d0190d0ee169599165ec25e9d9115"
            ],
            "markers": "python_version != '3.4'",
            "version": "==1.25.9"
        }
    },
    "develop": {}
}
